github.com/PaesslerAG/gval v1.0.2-0.20190803062529-6fceb06ca162 h1:X+hhphsMEdrIgNrcYWBllSK1Drwoy2VuFGyusIB62oY=
github.com/PaesslerAG/gval v1.0.2-0.20190803062529-6fceb06ca162/go.mod h1:y/nm5yEyTeX6av0OfKJNp9rBNj2XrGhAf5+v24IBN1I=
github.com/PaesslerAG/jsonpath v0.1.0 h1:gADYeifvlqK3R3i2cR5B4DGgxLXIPb3TRTH1mGi0jPI=
github.com/PaesslerAG/jsonpath v0.1.0/go.mod h1:4BzmtoM/PI8fPO4aQGIusjGxGir2BzcV0grWtFzq1Y8=
github.com/antchfx/xmlquery v1.0.1-0.20191005065425-945b45d1f870 h1:TnMaFBhZif6fZ9kAx9/bTFH2AmExa8IVAqw70HiuUSU=
github.com/antchfx/xmlquery v1.0.1-0.20191005065425-945b45d1f870/go.mod h1:/+CnyD/DzHRnv2eRxrVbieRU/FIF6N0C+7oTtyUtCKk=
github.com/antchfx/xpath v0.0.0-20180524052354-077bca4d2caa h1:UgmswLpr8R1msC4cA74MD6zt66QSQckaD5ph7XFyOfY=
github.com/antchfx/xpath v0.0.0-20180524052354-077bca4d2caa/go.mod h1:Yee4kTMuNiPYJ7nSNorELQMr1J33uOpXDMByNYhvtNk=
github.com/bits-and-blooms/bitset v1.3.1 h1:y+qrlmq3XsWi+xZqSaueaE8ry8Y127iMxlMfqcK8p0g=
github.com/bits-and-blooms/bitset v1.3.1/go.mod h1:gIdJ4wp64HaoK2YrL1Q5/N7Y16edYb8uY+O0FJTyyDA=
github.com/bits-and-blooms/bloom/v3 v3.3.1 h1:K2+A19bXT8gJR5mU7y+1yW6hsKfNCjcP2uNfLFKncjQ=
github.com/bits-and-blooms/bloom/v3 v3.3.1/go.mod h1:bhUUknWd5khVbTe4UgMCSiOOVJzr3tMoijSK3WwvW90=
github.com/brada954/restshell v1.4.2 h1:x9GCJHwthkOVane+Z9rwfO4mbyKEzOpDgp1d3s4iHr8=
github.com/brada954/restshell v1.4.2/go.mod h1:1q3kuOuTdozIW+kT/z1LSwja4RSslV2nQOEOKZ86FSM=
github.com/bsm/ginkgo/v2 v2.7.0 h1:ItPMPH90RbmZJt5GtkcNvIRuGEdwlBItdNVoyzaNQao=
github.com/bsm/gomega v1.26.0 h1:LhQm+AFcgV2M0WyKroMASzAzCAJVpAxQXv4SaI9a69Y=
github.com/cespare/xxhash/v2 v2.2.0 h1:DC2CZ1Ep5Y4k3ZQ899DldepgrayRUGE6BBZ/cd9Cj44=
github.com/cespare/xxhash/v2 v2.2.0/go.mod h1:VGX0DQ3Q6kWi7AoAeZDth3/j3BFtOZR5XLFGgcrjCOs=
github.com/dgryski/go-rendezvous v0.0.0-20200823014737-9f7001d12a5f h1:lO4WD4F/rVNCu3HqELle0jiPLLBs70cWOduZpkS1E78=
github.com/dgryski/go-rendezvous v0.0.0-20200823014737-9f7001d12a5f/go.mod h1:cuUVRXasLTGF7a8hSLbxyZXjz+1KgoB3wDUb6vlszIc=
github.com/kr/pretty v0.2.1 h1:Fmg33tUaq4/8ym9TJN1x7sLJnHVwhP33CNkpYV/7rwI=
github.com/kr/pretty v0.2.1/go.mod h1:ipq/a2n7PKx3OHsz4KJII5eveXtPO4qwEXGdVfWzfnI=
github.com/kr/pty v1.1.1/go.mod h1:pFQYn66WHrOpPYNljwOMqo10TkYh1fy3cYio2l3bCsQ=
github.com/kr/text v0.1.0 h1:45sCR5RtlFHMR4UwH9sdQ5TC8v0qDQCHnXt+kaKSTVE=
github.com/kr/text v0.1.0/go.mod h1:4Jbv+DJW3UT/LiOwJeYQe1efqtUx/iVham/4vfdArNI=
github.com/pborman/getopt/v2 v2.1.0 h1:eNfR+r+dWLdWmV8g5OlpyrTYHkhVNxHBdN2cCrJmOEA=
github.com/pborman/getopt/v2 v2.1.0/go.mod h1:4NtW75ny4eBw9fO1bhtNdYTlZKYX5/tBLtsOpwKIKd0=
github.com/redis/go-redis/v9 v9.0.4 h1:FC82T+CHJ/Q/PdyLW++GeCO+Ol59Y4T7R4jbgjvktgc=
github.com/redis/go-redis/v9 v9.0.4/go.mod h1:WqMKv5vnQbRuZstUwxQI195wHy+t4PuXDOjzMvcuQHk=
github.com/satori/go.uuid v1.2.1-0.20180103174451-36e9d2ebbde5 h1:Jw7W4WMfQDxsXvfeFSaS2cHlY7bAF4MGrgnbd0+Uo78=
github.com/satori/go.uuid v1.2.1-0.20180103174451-36e9d2ebbde5/go.mod h1:dA0hQrYB0VpLJoorglMZABFdXlWrHn1NEOzdhQKdks0=
github.com/splitio/go-client/v6 v6.3.2 h1:9WJ40CtwuY3YJK90O6y4zpbZrtqPB/+T2s/1cvdsO3c=
github.com/splitio/go-client/v6 v6.3.2/go.mod h1:c18nWZ0MC/ZOcdrRZTv7J50sezFsewwqwmx2ZEphabM=
github.com/splitio/go-split-commons/v4 v4.3.3 h1:9L8Q+0hW2LEmWOuTeiWik3OgQfI4LvK32AFnKifvFhA=
github.com/splitio/go-split-commons/v4 v4.3.3/go.mod h1:hj+ota77quCRuyK1cK8EOZANGDIlwCMBosF27I158S8=
github.com/splitio/go-toolkit/v5 v5.3.1 h1:9J/byd0fRxWj5/Zg0QZOnUxKBDIAMCGr7rySYzJKdJg=
github.com/splitio/go-toolkit/v5 v5.3.1/go.mod h1:xYhUvV1gga9/1029Wbp5pjnR6Cy8nvBpjw99wAbsMko=
github.com/subchen/go-xmldom v1.1.2-0.20180301141929-e1029cd9087c h1:TJZ/TK/fvBt4Pga7F/9YsY2VRD2xudd6r2UnqrTjDMk=
github.com/subchen/go-xmldom v1.1.2-0.20180301141929-e1029cd9087c/go.mod h1:8A4AGzWTeqT0N46dqNTO9cJT1PSQUaEpdlsRZPyXwoc=
github.com/twmb/murmur3 v1.1.6 h1:mqrRot1BRxm+Yct+vavLMou2/iJt0tNVTTC0QoIjaZg=
github.com/twmb/murmur3 v1.1.6/go.mod h1:Qq/R7NUyOfr65zD+6Q5IHKsJLwP7exErjN6lyyq3OSQ=
golang.org/x/crypto v0.0.0-20190308221718-c2843e01d9a2 h1:VklqNMn3ovrHsnt90PveolxSbWFaJdECFbxSq0Mqo2M=
golang.org/x/crypto v0.0.0-20190308221718-c2843e01d9a2/go.mod h1:djNgcEr1/C05ACkg1iLfiJU5Ep61QUkGW8qpdssI0+w=
golang.org/x/net v0.0.0-20191007182048-72f939374954/go.mod h1:z5CRVTTTmAJ677TzLLGU+0bjPO0LkuOLi4/5GtJWs/s=
golang.org/x/net v0.1.0 h1:hZ/3BUoy5aId7sCpA/Tc5lt8DkFgdVS2onTpJsZ/fl0=
golang.org/x/net v0.1.0/go.mod h1:Cx3nUiGt4eDBEyega/BKRp+/AlGL8hYe7U9odMt2Cco=
golang.org/x/sys v0.0.0-20190215142949-d0b11bdaac8a/go.mod h1:STP8DvDyc/dI5b8T5hshtkjS+E42TnysNCUPdjciGhY=
golang.org/x/sys v0.1.0 h1:kunALQeHf1/185U1i0GOB/fy1IPRDDpuoOOqRReG57U=
golang.org/x/sys v0.1.0/go.mod h1:oPkhp1MJrh7nUepCBck5+mAzfO9JrbApNNgaTdGDITg=
golang.org/x/text v0.3.0/go.mod h1:NqM8EUOU14njkJ3fqMW+pc6Ldnwhi/IjpwHt7yyuwOQ=
golang.org/x/text v0.3.3-0.20190829152558-3d0f7978add9/go.mod h1:5Zoc/QRtKVWzQhOtBMvqHzDpF6irO9z98xDceosuGiQ=
golang.org/x/text v0.4.0 h1:BrVqGRd7+k1DiOgtnFvAkoQEWQvBc25ouMJM6429SFg=
golang.org/x/text v0.4.0/go.mod h1:mrYo+phRRbMaCq/xk9113O4dZlRixOauAjOtrjsXDZ8=
golang.org/x/tools v0.0.0-20180917221912-90fa682c2a6e/go.mod h1:n7NCudcB/nEzxVGmLbDWY5pfWTLqBcC2KZ6jyYvM4mQ=
gopkg.in/check.v1 v0.0.0-20161208181325-20d25e280405/go.mod h1:Co6ibVJAznAaIkqp8huTwlJQCZ016jof/cbN4VW5Yz0=
gopkg.in/check.v1 v1.0.0-20201130134442-10cb98267c6c h1:Hei/4ADfdWqJk1ZMxUNpqntNwaWcugrBjAiHlqqRiVk=
gopkg.in/check.v1 v1.0.0-20201130134442-10cb98267c6c/go.mod h1:JHkPIbrfpd72SG/EVd6muEfDQjcINNoR0C8j2r3qZ4Q=
gopkg.in/yaml.v3 v3.0.1 h1:fxVm/GzAzEWqLHuvctI91KS9hhNmmWOoWu0XTYJS7CA=
gopkg.in/yaml.v3 v3.0.1/go.mod h1:K4uyk7z7BCEPqu6E+C64Yfv1cQ7kz7rIZviUmN+EgEM=
